
Microsoft Visual Studio Solution File, Format Version 12.00
# Visual Studio Version 16
VisualStudioVersion = 16.0.30011.22
MinimumVisualStudioVersion = 10.0.40219.1
Project("{FAE04EC0-301F-11D3-BF4B-00C04F79EFBC}") = "TestServiceAppXUnit", "TestServiceAppXUnit\TestServiceAppXUnit.csproj", "{72612C0B-8E4A-4A37-84D8-4E0A621F8F14}"
EndProject
Project("{FAE04EC0-301F-11D3-BF4B-00C04F79EFBC}") = "TestServiceTest", "TestServiceTest\TestServiceTest.csproj", "{7BFB5099-638B-4089-B8BF-79340C0A386A}"
EndProject
Global
	GlobalSection(SolutionConfigurationPlatforms) = preSolution
		Debug|Any CPU = Debug|Any CPU
		Release|Any CPU = Release|Any CPU
	EndGlobalSection
	GlobalSection(ProjectConfigurationPlatforms) = postSolution
		{72612C0B-8E4A-4A37-84D8-4E0A621F8F14}.Debug|Any CPU.ActiveCfg = Debug|Any CPU
		{72612C0B-8E4A-4A37-84D8-4E0A621F8F14}.Debug|Any CPU.Build.0 = Debug|Any CPU
		{72612C0B-8E4A-4A37-84D8-4E0A621F8F14}.Release|Any CPU.ActiveCfg = Release|Any CPU
		{72612C0B-8E4A-4A37-84D8-4E0A621F8F14}.Release|Any CPU.Build.0 = Release|Any CPU
		{7BFB5099-638B-4089-B8BF-79340C0A386A}.Debug|Any CPU.ActiveCfg = Debug|Any CPU
		{7BFB5099-638B-4089-B8BF-79340C0A386A}.Debug|Any CPU.Build.0 = Debug|Any CPU
		{7BFB5099-638B-4089-B8BF-79340C0A386A}.Release|Any CPU.ActiveCfg = Release|Any CPU
		{7BFB5099-638B-4089-B8BF-79340C0A386A}.Release|Any CPU.Build.0 = Release|Any CPU
	EndGlobalSection
	GlobalSection(SolutionProperties) = preSolution
		HideSolutionNode = FALSE
	EndGlobalSection
	GlobalSection(ExtensibilityGlobals) = postSolution
		SolutionGuid = {29D77014-E775-435E-BA28-B474780C173E}
	EndGlobalSection
EndGlobal
